Microsoft Visual Studio Solution File, Format Version 12.00
# Visual Studio Version 17
VisualStudioVersion = 17.4.33213.308
MinimumVisualStudioVersion = 10.0.40219.1
Project("{9A19103F-16F7-4668-BE54-9A1E7A4F7556}") = "AoC2024_2", "AoC2024_2\AoC2024_2.csproj", "{BE0CC471-D0AE-40BC-B72C-D83B81D5F7C6}"
EndProject
Project("{9A19103F-16F7-4668-BE54-9A1E7A4F7556}") = "AoC2024_3", "AoC2024_3\AoC2024_3.csproj", "{5DE1C4C1-8A55-40F0-83A1-8CCF139B0314}"
EndProject
Project("{9A19103F-16F7-4668-BE54-9A1E7A4F7556}") = "AoC2024_4", "AoC2024_4\AoC2024_4.csproj", "{CC90A07F-23EA-4251-A002-8ACBB0EF3DF6}"
EndProject
Project("{9A19103F-16F7-4668-BE54-9A1E7A4F7556}") = "AoC2024_5", "AoC2024_5\AoC2024_5.csproj", "{64774AF7-FC80-41B6-9D50-6DCA3E1033DA}"
EndProject
Project("{9A19103F-16F7-4668-BE54-9A1E7A4F7556}") = "AoC2024_6", "AoC2024_6\AoC2024_6.csproj", "{A9D39996-01F7-4087-BD21-8CD91D414F3C}"
EndProject
Project("{9A19103F-16F7-4668-BE54-9A1E7A4F7556}") = "AoC2024_7", "AoC2024_7\AoC2024_7.csproj", "{55E406EB-BB4D-4515-8FBC-31B9A5259104}"
EndProject
Project("{9A19103F-16F7-4668-BE54-9A1E7A4F7556}") = "AoC2024_1", "AoC2024_1\AoC2024_1.csproj", "{9354F67C-D1B8-4E87-92ED-C5AC4B1C7125}"
EndProject
Project("{FAE04EC0-301F-11D3-BF4B-00C04F79EFBC}") = "AoC2024_8", "AoC2024_8\AoC2024_8.csproj", "{0486AA24-4DE1-4B71-8399-BE249E8A4E91}"
EndProject
Global
	GlobalSection(SolutionConfigurationPlatforms) = preSolution
		Debug|Any CPU = Debug|Any CPU
		Release|Any CPU = Release|Any CPU
	EndGlobalSection
	GlobalSection(ProjectConfigurationPlatforms) = postSolution
		{BE0CC471-D0AE-40BC-B72C-D83B81D5F7C6}.Debug|Any CPU.ActiveCfg = Debug|Any CPU
		{BE0CC471-D0AE-40BC-B72C-D83B81D5F7C6}.Debug|Any CPU.Build.0 = Debug|Any CPU
		{BE0CC471-D0AE-40BC-B72C-D83B81D5F7C6}.Release|Any CPU.ActiveCfg = Release|Any CPU
		{BE0CC471-D0AE-40BC-B72C-D83B81D5F7C6}.Release|Any CPU.Build.0 = Release|Any CPU
		{5DE1C4C1-8A55-40F0-83A1-8CCF139B0314}.Debug|Any CPU.ActiveCfg = Debug|Any CPU
		{5DE1C4C1-8A55-40F0-83A1-8CCF139B0314}.Debug|Any CPU.Build.0 = Debug|Any CPU
		{5DE1C4C1-8A55-40F0-83A1-8CCF139B0314}.Release|Any CPU.ActiveCfg = Release|Any CPU
		{5DE1C4C1-8A55-40F0-83A1-8CCF139B0314}.Release|Any CPU.Build.0 = Release|Any CPU
		{CC90A07F-23EA-4251-A002-8ACBB0EF3DF6}.Debug|Any CPU.ActiveCfg = Debug|Any CPU
		{CC90A07F-23EA-4251-A002-8ACBB0EF3DF6}.Debug|Any CPU.Build.0 = Debug|Any CPU
		{CC90A07F-23EA-4251-A002-8ACBB0EF3DF6}.Release|Any CPU.ActiveCfg = Release|Any CPU
		{CC90A07F-23EA-4251-A002-8ACBB0EF3DF6}.Release|Any CPU.Build.0 = Release|Any CPU
		{64774AF7-FC80-41B6-9D50-6DCA3E1033DA}.Debug|Any CPU.ActiveCfg = Debug|Any CPU
		{64774AF7-FC80-41B6-9D50-6DCA3E1033DA}.Debug|Any CPU.Build.0 = Debug|Any CPU
		{64774AF7-FC80-41B6-9D50-6DCA3E1033DA}.Release|Any CPU.ActiveCfg = Release|Any CPU
		{64774AF7-FC80-41B6-9D50-6DCA3E1033DA}.Release|Any CPU.Build.0 = Release|Any CPU
		{A9D39996-01F7-4087-BD21-8CD91D414F3C}.Debug|Any CPU.ActiveCfg = Debug|Any CPU
		{A9D39996-01F7-4087-BD21-8CD91D414F3C}.Debug|Any CPU.Build.0 = Debug|Any CPU
		{A9D39996-01F7-4087-BD21-8CD91D414F3C}.Release|Any CPU.ActiveCfg = Release|Any CPU
		{A9D39996-01F7-4087-BD21-8CD91D414F3C}.Release|Any CPU.Build.0 = Release|Any CPU
		{55E406EB-BB4D-4515-8FBC-31B9A5259104}.Debug|Any CPU.ActiveCfg = Debug|Any CPU
		{55E406EB-BB4D-4515-8FBC-31B9A5259104}.Debug|Any CPU.Build.0 = Debug|Any CPU
		{55E406EB-BB4D-4515-8FBC-31B9A5259104}.Release|Any CPU.ActiveCfg = Release|Any CPU
		{55E406EB-BB4D-4515-8FBC-31B9A5259104}.Release|Any CPU.Build.0 = Release|Any CPU
		{9354F67C-D1B8-4E87-92ED-C5AC4B1C7125}.Debug|Any CPU.ActiveCfg = Debug|Any CPU
		{9354F67C-D1B8-4E87-92ED-C5AC4B1C7125}.Debug|Any CPU.Build.0 = Debug|Any CPU
		{9354F67C-D1B8-4E87-92ED-C5AC4B1C7125}.Release|Any CPU.ActiveCfg = Release|Any CPU
		{9354F67C-D1B8-4E87-92ED-C5AC4B1C7125}.Release|Any CPU.Build.0 = Release|Any CPU
		{0486AA24-4DE1-4B71-8399-BE249E8A4E91}.Debug|Any CPU.ActiveCfg = Debug|Any CPU
		{0486AA24-4DE1-4B71-8399-BE249E8A4E91}.Debug|Any CPU.Build.0 = Debug|Any CPU
		{0486AA24-4DE1-4B71-8399-BE249E8A4E91}.Release|Any CPU.ActiveCfg = Release|Any CPU
		{0486AA24-4DE1-4B71-8399-BE249E8A4E91}.Release|Any CPU.Build.0 = Release|Any CPU
	EndGlobalSection
	GlobalSection(SolutionProperties) = preSolution
		HideSolutionNode = FALSE
	EndGlobalSection
	GlobalSection(ExtensibilityGlobals) = postSolution
		SolutionGuid = {AE158B69-4721-4807-AB74-A32626684967}
	EndGlobalSection
EndGlobal
